
Microsoft Visual Studio Solution File, Format Version 12.00
# Visual Studio Version 16
VisualStudioVersion = 16.0.31005.135
MinimumVisualStudioVersion = 10.0.40219.1
Project("{9A19103F-16F7-4668-BE54-9A1E7A4F7556}") = "VectoresCs", "VectoresCs\VectoresCs.csproj", "{512EAAD2-F0B9-4A25-8EF6-98BCC24A46E0}"
EndProject
Project("{778DAE3C-4631-46EA-AA77-85C1314464D9}") = "VectoresVb", "VectoresVb\VectoresVb.vbproj", "{408F51D2-0208-4A53-A370-5154746523AD}"
EndProject
Global
	GlobalSection(SolutionConfigurationPlatforms) = preSolution
		Debug|Any CPU = Debug|Any CPU
		Release|Any CPU = Release|Any CPU
	EndGlobalSection
	GlobalSection(ProjectConfigurationPlatforms) = postSolution
		{512EAAD2-F0B9-4A25-8EF6-98BCC24A46E0}.Debug|Any CPU.ActiveCfg = Debug|Any CPU
		{512EAAD2-F0B9-4A25-8EF6-98BCC24A46E0}.Debug|Any CPU.Build.0 = Debug|Any CPU
		{512EAAD2-F0B9-4A25-8EF6-98BCC24A46E0}.Release|Any CPU.ActiveCfg = Release|Any CPU
		{512EAAD2-F0B9-4A25-8EF6-98BCC24A46E0}.Release|Any CPU.Build.0 = Release|Any CPU
		{408F51D2-0208-4A53-A370-5154746523AD}.Debug|Any CPU.ActiveCfg = Debug|Any CPU
		{408F51D2-0208-4A53-A370-5154746523AD}.Debug|Any CPU.Build.0 = Debug|Any CPU
		{408F51D2-0208-4A53-A370-5154746523AD}.Release|Any CPU.ActiveCfg = Release|Any CPU
		{408F51D2-0208-4A53-A370-5154746523AD}.Release|Any CPU.Build.0 = Release|Any CPU
	EndGlobalSection
	GlobalSection(SolutionProperties) = preSolution
		HideSolutionNode = FALSE
	EndGlobalSection
	GlobalSection(ExtensibilityGlobals) = postSolution
		SolutionGuid = {BC880E04-CCEC-4461-882A-D12DA309B554}
	EndGlobalSection
EndGlobal
